
Microsoft Visual Studio Solution File, Format Version 11.00
# Visual Studio 2010
Project("{FAE04EC0-301F-11D3-BF4B-00C04F79EFBC}") = "Vocus.TwitterText", "Vocus.TwitterText\Vocus.TwitterText.csproj", "{27988330-2EA4-489F-927B-3741BD658DA5}"
EndProject
Project("{FAE04EC0-301F-11D3-BF4B-00C04F79EFBC}") = "Vocus.TwitterText.Tests", "Vocus.TwitterText.Tests\Vocus.TwitterText.Tests.csproj", "{72029E5F-00CC-4A90-A1D3-154B8C747631}"
EndProject
Global
	GlobalSection(SolutionConfigurationPlatforms) = preSolution
		Debug|Any CPU = Debug|Any CPU
		Release|Any CPU = Release|Any CPU
	EndGlobalSection
	GlobalSection(ProjectConfigurationPlatforms) = postSolution
		{27988330-2EA4-489F-927B-3741BD658DA5}.Debug|Any CPU.ActiveCfg = Debug|Any CPU
		{27988330-2EA4-489F-927B-3741BD658DA5}.Debug|Any CPU.Build.0 = Debug|Any CPU
		{27988330-2EA4-489F-927B-3741BD658DA5}.Release|Any CPU.ActiveCfg = Release|Any CPU
		{27988330-2EA4-489F-927B-3741BD658DA5}.Release|Any CPU.Build.0 = Release|Any CPU
		{72029E5F-00CC-4A90-A1D3-154B8C747631}.Debug|Any CPU.ActiveCfg = Debug|Any CPU
		{72029E5F-00CC-4A90-A1D3-154B8C747631}.Debug|Any CPU.Build.0 = Debug|Any CPU
		{72029E5F-00CC-4A90-A1D3-154B8C747631}.Release|Any CPU.ActiveCfg = Release|Any CPU
		{72029E5F-00CC-4A90-A1D3-154B8C747631}.Release|Any CPU.Build.0 = Release|Any CPU
	EndGlobalSection
	GlobalSection(SolutionProperties) = preSolution
		HideSolutionNode = FALSE
	EndGlobalSection
EndGlobal
